# This file is autogenerated, do not edit; changes may be undone by the next 'dep ensure'.


[[projects]]
  digest = "1:5a880106d5997f6f3b473ccd1dfda09016b1b487bed57e9bd2671abf0390a8bd"
  name = "github.com/cockroachdb/cockroach-go"
  packages = ["testserver"]
  pruneopts = ""
  revision = "b7c8285b7ed3b7e117851f11bdb56ad33cc16320"
  version = "v2.0.3"

[[projects]]
  digest = "1:d5c1692d62c22b9ff5248d1c5f3850d06f7bc850f9ae6eec15c6601f774eef4f"
  name = "github.com/jinzhu/gorm"
  packages = [
    ".",
    "dialects/postgres",
  ]
  pruneopts = ""
  revision = "5174cc5c242a728b435ea2be8a2f7f998e15429b"
  version = "v1.0"

[[projects]]
  branch = "master"
  digest = "1:a0c0f06f12f4b83b89eec79114265c54e9e300b8ddda0f0f3fb49a685283fa6c"
  name = "github.com/jinzhu/inflection"
  packages = ["."]
  pruneopts = ""
  revision = "1c35d901db3da928c72a72d8458480cc9ade058f"

[[projects]]
  digest = "1:3c818dada3e41bdb0f509f78e6775610f1bb179449ec8c4c86a45fae35460f3f"
  name = "github.com/julienschmidt/httprouter"
  packages = ["."]
  pruneopts = ""
  revision = "8c199fb6259ffc1af525cc3ad52ee60ba8359669"
  version = "v1.1"

[[projects]]
  branch = "master"
  digest = "1:2ed868d28fba1c46a769de00765ffc7f8e011e0d1b7dc5086750aaabda27e21f"
  name = "github.com/lib/pq"
  packages = [
    ".",
    "hstore",
    "oid",
  ]
  pruneopts = ""
  revision = "91f10e40ba0dd2d0bf9f93ec1d4077711a78df88"

[[projects]]
  digest = "1:7365acd48986e205ccb8652cc746f09c8b7876030d53710ea6ef7d0bd0dcd7ca"
  name = "github.com/pkg/errors"
  packages = ["."]
  pruneopts = ""
  revision = "645ef00459ed84a119197bfb8d8205042c6df63d"
  version = "v0.8.0"

[solve-meta]
  analyzer-name = "dep"
  analyzer-version = 1
  input-imports = [
    "github.com/cockroachdb/cockroach-go/testserver",
    "github.com/jinzhu/gorm",
    "github.com/jinzhu/gorm/dialects/postgres",
    "github.com/julienschmidt/httprouter",
    "github.com/lib/pq",
    "github.com/pkg/errors",
  ]
  solver-name = "gps-cdcl"
  solver-version = 1
